
Microsoft Visual Studio Solution File, Format Version 12.00
# Visual Studio Version 17
VisualStudioVersion = 17.3.32825.248
MinimumVisualStudioVersion = 10.0.40219.1
Project("{8BC9CEB8-8B4A-11D0-8D11-00A0C91BC942}") = "01_File", "01_File\01_File.vcxproj", "{D58B9E0A-3A2F-4863-82D1-14FA1F34D24D}"
EndProject
Project("{8BC9CEB8-8B4A-11D0-8D11-00A0C91BC942}") = "02_Sign", "02_Sign\02_Sign.vcxproj", "{3CC2B4D6-BA1D-40B6-AFE1-695AD0D68262}"
EndProject
Project("{8BC9CEB8-8B4A-11D0-8D11-00A0C91BC942}") = "03_Geometry", "03_Geometry\03_Geometry.vcxproj", "{DEB5BFF8-423A-4B64-92C8-5CC354DA90EB}"
EndProject
Project("{8BC9CEB8-8B4A-11D0-8D11-00A0C91BC942}") = "04_Flag", "04_Flag\04_Flag.vcxproj", "{786CB69F-16DC-4EDB-B8F3-29C595BD1D00}"
EndProject
Project("{8BC9CEB8-8B4A-11D0-8D11-00A0C91BC942}") = "05_Sinusoid", "05_Sinusoid\05_Sinusoid.vcxproj", "{788E8AE4-2875-4947-A787-17BD57D6034A}"
EndProject
Global
	GlobalSection(SolutionConfigurationPlatforms) = preSolution
		Debug|x64 = Debug|x64
		Debug|x86 = Debug|x86
		Release|x64 = Release|x64
		Release|x86 = Release|x86
	EndGlobalSection
	GlobalSection(ProjectConfigurationPlatforms) = postSolution
		{D58B9E0A-3A2F-4863-82D1-14FA1F34D24D}.Debug|x64.ActiveCfg = Debug|x64
		{D58B9E0A-3A2F-4863-82D1-14FA1F34D24D}.Debug|x64.Build.0 = Debug|x64
		{D58B9E0A-3A2F-4863-82D1-14FA1F34D24D}.Debug|x86.ActiveCfg = Debug|Win32
		{D58B9E0A-3A2F-4863-82D1-14FA1F34D24D}.Debug|x86.Build.0 = Debug|Win32
		{D58B9E0A-3A2F-4863-82D1-14FA1F34D24D}.Release|x64.ActiveCfg = Release|x64
		{D58B9E0A-3A2F-4863-82D1-14FA1F34D24D}.Release|x64.Build.0 = Release|x64
		{D58B9E0A-3A2F-4863-82D1-14FA1F34D24D}.Release|x86.ActiveCfg = Release|Win32
		{D58B9E0A-3A2F-4863-82D1-14FA1F34D24D}.Release|x86.Build.0 = Release|Win32
		{3CC2B4D6-BA1D-40B6-AFE1-695AD0D68262}.Debug|x64.ActiveCfg = Debug|x64
		{3CC2B4D6-BA1D-40B6-AFE1-695AD0D68262}.Debug|x64.Build.0 = Debug|x64
		{3CC2B4D6-BA1D-40B6-AFE1-695AD0D68262}.Debug|x86.ActiveCfg = Debug|Win32
		{3CC2B4D6-BA1D-40B6-AFE1-695AD0D68262}.Debug|x86.Build.0 = Debug|Win32
		{3CC2B4D6-BA1D-40B6-AFE1-695AD0D68262}.Release|x64.ActiveCfg = Release|x64
		{3CC2B4D6-BA1D-40B6-AFE1-695AD0D68262}.Release|x64.Build.0 = Release|x64
		{3CC2B4D6-BA1D-40B6-AFE1-695AD0D68262}.Release|x86.ActiveCfg = Release|Win32
		{3CC2B4D6-BA1D-40B6-AFE1-695AD0D68262}.Release|x86.Build.0 = Release|Win32
		{DEB5BFF8-423A-4B64-92C8-5CC354DA90EB}.Debug|x64.ActiveCfg = Debug|x64
		{DEB5BFF8-423A-4B64-92C8-5CC354DA90EB}.Debug|x64.Build.0 = Debug|x64
		{DEB5BFF8-423A-4B64-92C8-5CC354DA90EB}.Debug|x86.ActiveCfg = Debug|Win32
		{DEB5BFF8-423A-4B64-92C8-5CC354DA90EB}.Debug|x86.Build.0 = Debug|Win32
		{DEB5BFF8-423A-4B64-92C8-5CC354DA90EB}.Release|x64.ActiveCfg = Release|x64
		{DEB5BFF8-423A-4B64-92C8-5CC354DA90EB}.Release|x64.Build.0 = Release|x64
		{DEB5BFF8-423A-4B64-92C8-5CC354DA90EB}.Release|x86.ActiveCfg = Release|Win32
		{DEB5BFF8-423A-4B64-92C8-5CC354DA90EB}.Release|x86.Build.0 = Release|Win32
		{786CB69F-16DC-4EDB-B8F3-29C595BD1D00}.Debug|x64.ActiveCfg = Debug|x64
		{786CB69F-16DC-4EDB-B8F3-29C595BD1D00}.Debug|x64.Build.0 = Debug|x64
		{786CB69F-16DC-4EDB-B8F3-29C595BD1D00}.Debug|x86.ActiveCfg = Debug|Win32
		{786CB69F-16DC-4EDB-B8F3-29C595BD1D00}.Debug|x86.Build.0 = Debug|Win32
		{786CB69F-16DC-4EDB-B8F3-29C595BD1D00}.Release|x64.ActiveCfg = Release|x64
		{786CB69F-16DC-4EDB-B8F3-29C595BD1D00}.Release|x64.Build.0 = Release|x64
		{786CB69F-16DC-4EDB-B8F3-29C595BD1D00}.Release|x86.ActiveCfg = Release|Win32
		{786CB69F-16DC-4EDB-B8F3-29C595BD1D00}.Release|x86.Build.0 = Release|Win32
		{788E8AE4-2875-4947-A787-17BD57D6034A}.Debug|x64.ActiveCfg = Debug|x64
		{788E8AE4-2875-4947-A787-17BD57D6034A}.Debug|x64.Build.0 = Debug|x64
		{788E8AE4-2875-4947-A787-17BD57D6034A}.Debug|x86.ActiveCfg = Debug|Win32
		{788E8AE4-2875-4947-A787-17BD57D6034A}.Debug|x86.Build.0 = Debug|Win32
		{788E8AE4-2875-4947-A787-17BD57D6034A}.Release|x64.ActiveCfg = Release|x64
		{788E8AE4-2875-4947-A787-17BD57D6034A}.Release|x64.Build.0 = Release|x64
		{788E8AE4-2875-4947-A787-17BD57D6034A}.Release|x86.ActiveCfg = Release|Win32
		{788E8AE4-2875-4947-A787-17BD57D6034A}.Release|x86.Build.0 = Release|Win32
	EndGlobalSection
	GlobalSection(SolutionProperties) = preSolution
		HideSolutionNode = FALSE
	EndGlobalSection
	GlobalSection(ExtensibilityGlobals) = postSolution
		SolutionGuid = {3C274412-DFD2-4377-9D6E-6E4498A96C70}
	EndGlobalSection
EndGlobal
